<Solution>
    <Project Path="projects\Acorn\Acorn.csproj" />
    <Project Path="projects\Acorn.Bmp\Acorn.Bmp.csproj" />
    <Project Path="projects\Acorn.Coff\Acorn.COFF.csproj" />
    <Project Path="projects\Acorn.Dxil\Acorn.Dxil.csproj" />
    <Project Path="projects\Acorn.Dwarf\DWARF.csproj" />
    <Project Path="projects\Acorn.Elf\ELF.csproj" />
    <Project Path="projects\Acorn.Fbx\Acorn.Fbx.csproj" />
    <Project Path="projects\Acorn.Gltf\Acorn.Gltf.csproj" />
    <Project Path="projects\Acorn.Gnosis\Acorn.Gnosis.csproj" />
    <Project Path="projects\Acorn.Live2D\Acorn.Live2D.csproj" />
    <Project Path="projects\Acorn.Llvm\LLVM.csproj" />
    <Project Path="projects\Acorn.MachO\Acorn.MachO.csproj" />
    <Project Path="projects\Acorn.MySQL\MySQL.csproj" />
    <Project Path="projects\Acorn.Nyar\Acorn.Nyar.csproj" />
    <Project Path="projects\Acorn.Office\Acorn.Office.csproj" />
    <Project Path="projects\Acorn.Ogg\Acorn.Ogg.csproj" />
    <Project Path="projects\Acorn.Onnx\Acorn.Onnx.csproj" />
    <Project Path="projects\Acorn.Pe\Acorn.PE.csproj" />
    <Project Path="projects\Acorn.Png\Acorn.Png.csproj" />
    <Project Path="projects\Acorn.PostgreSQL\PostgreSQL.csproj" />
    <Project Path="projects\Acorn.Protobuf\Acorn.Protobuf.csproj" />
    <Project Path="projects\Acorn.Psd\Acorn.Psd.csproj" />
    <Project Path="projects\Acorn.Redis\Acorn.Redis.csproj" />
    <Project Path="projects\Acorn.SafeTensors\Acorn.SafeTensors.csproj" />
    <Project Path="projects\Acorn.Spine\Acorn.Spine.csproj" />
    <Project Path="projects\Acorn.SpirV\SpirV.csproj" />
    <Project Path="projects\Acorn.Wasm\Acorn.Wasm.csproj" />
    <Project Path="projects\Acorn.Clr\Acorn.Clr.csproj" />
    <Project Path="projects\Acorn.Jvm\Acorn.Jvm.csproj" />
    <Project Path="projects\Acorn.Wav\Acorn.Wav.csproj" />
    <Project Path="projects\Acorn.ZeroMQ\Acorn.ZeroMQ.csproj" />
    <Project Path="projects\Acorn.Zip\Acorn.Zip.csproj" />
    <Project Path="projects\Generator.Acorn\Generator.Acorn.csproj" />

    <Project Path="vendors\Nyar.Vendor.Acorn\Nyar.Vendor.Acorn.csproj" />

    <Project Path="examples\Acorn.Psd.Tests\Acorn.Psd.Tests.csproj" />
    <Project Path="examples\Acorn.Office.Tests\Acorn.Office.Tests.csproj" />
</Solution>
